
Microsoft Visual Studio Solution File, Format Version 11.00
# Visual Studio 2010
Project("{FAE04EC0-301F-11D3-BF4B-00C04F79EFBC}") = "Assembly-CSharp", "Assembly-CSharp.csproj", "{15b0a000-91a1-1aad-ec28-4763cdd66b59}"
EndProject
Project("{FAE04EC0-301F-11D3-BF4B-00C04F79EFBC}") = "Assembly-CSharp-Editor", "Assembly-CSharp-Editor.csproj", "{54ed3f87-090f-a5d0-b198-69d76690f2b0}"
EndProject
Global
	GlobalSection(SolutionConfigurationPlatforms) = preSolution
		Debug|Any CPU = Debug|Any CPU
	EndGlobalSection
	GlobalSection(ProjectConfigurationPlatforms) = postSolution
		{15b0a000-91a1-1aad-ec28-4763cdd66b59}.Debug|Any CPU.ActiveCfg = Debug|Any CPU
		{15b0a000-91a1-1aad-ec28-4763cdd66b59}.Debug|Any CPU.Build.0 = Debug|Any CPU
		{54ed3f87-090f-a5d0-b198-69d76690f2b0}.Debug|Any CPU.ActiveCfg = Debug|Any CPU
		{54ed3f87-090f-a5d0-b198-69d76690f2b0}.Debug|Any CPU.Build.0 = Debug|Any CPU
	EndGlobalSection
	GlobalSection(SolutionProperties) = preSolution
		HideSolutionNode = FALSE
	EndGlobalSection
EndGlobal
